PODS:
  - AFNetworking (2.5.1):
    - AFNetworking/NSURLConnection (= 2.5.1)
    - AFNetworking/NSURLSession (= 2.5.1)
    - AFNetworking/Reachability (= 2.5.1)
    - AFNetworking/Security (= 2.5.1)
    - AFNetworking/Serialization (= 2.5.1)
    - AFNetworking/UIKit (= 2.5.1)
  - AFNetworking/NSURLConnection (2.5.1):
    - AFNetworking/Reachability
    - AFNetworking/Security
    - AFNetworking/Serialization
  - AFNetworking/NSURLSession (2.5.1):
    - AFNetworking/Reachability
    - AFNetworking/Security
    - AFNetworking/Serialization
  - AFNetworking/Reachability (2.5.1)
  - AFNetworking/Security (2.5.1)
  - AFNetworking/Serialization (2.5.1)
  - AFNetworking/UIKit (2.5.1):
    - AFNetworking/NSURLConnection
    - AFNetworking/NSURLSession
  - Braintree (3.7.0):
    - Braintree/API (= 3.7.0)
    - Braintree/Drop-In (= 3.7.0)
    - Braintree/Payments (= 3.7.0)
    - Braintree/PayPal (= 3.7.0)
    - Braintree/UI (= 3.7.0)
    - Braintree/Venmo (= 3.7.0)
  - Braintree/API (3.7.0)
  - Braintree/Apple-Pay (3.7.0):
    - Braintree/Payments
  - Braintree/Drop-In (3.7.0):
    - Braintree/API
    - Braintree/Payments
    - Braintree/PayPal
    - Braintree/UI
    - Braintree/Venmo
  - Braintree/Payments (3.7.0):
    - Braintree/API
    - Braintree/PayPal
    - Braintree/Venmo
  - Braintree/PayPal (3.7.0):
    - Braintree/API
    - Braintree/UI
  - Braintree/UI (3.7.0):
    - Braintree/API
  - Braintree/Venmo (3.7.0):
    - Braintree/API
  - Mixpanel (2.7.3):
    - Mixpanel/MPCategoryHelpers (= 2.7.3)
  - Mixpanel/MPCategoryHelpers (2.7.3)

DEPENDENCIES:
  - AFNetworking
  - Braintree
  - Braintree/Apple-Pay
  - Mixpanel

SPEC CHECKSUMS:
  AFNetworking: 10e85a00bb0f475124e4ff2677bf15693b2c1523
  Braintree: 5e722c7359ca1c4a2f46562e27a577aeb364b795
  Mixpanel: 1d387d76800e07e953958c62c97fea27f13632dd

COCOAPODS: 0.35.0
